%{
  "cldr_utils": {:hex, :cldr_utils, "2.14.1", "57f1b11028ffff67e1be40f21ca07c82a1b6f77f36f499683dc3f9636ca1dcc1", [:mix], [{:castore, "~> 0.1", [hex: :castore, repo: "hexpm", optional: true]}, {:certifi, "~> 2.5", [hex: :certifi, repo: "hexpm", optional: true]}, {:decimal, "~> 1.9 or ~> 2.0", [hex: :decimal, repo: "hexpm", optional: false]}], "hexpm", "9141b9b5e719acd3742aba59584ab2866f64384f3538914635b08befdea7c8d7"},
  "coerce": {:hex, :coerce, "1.0.1", "211c27386315dc2894ac11bc1f413a0e38505d808153367bd5c6e75a4003d096", [:mix], [], "hexpm", "b44a691700f7a1a15b4b7e2ff1fa30bebd669929ac8aa43cffe9e2f8bf051cf1"},
  "decimal": {:hex, :decimal, "1.9.0", "83e8daf59631d632b171faabafb4a9f4242c514b0a06ba3df493951c08f64d07", [:mix], [], "hexpm", "b1f2343568eed6928f3e751cf2dffde95bfaa19dd95d09e8a9ea92ccfd6f7d85"},
  "dialyxir": {:hex, :dialyxir, "1.0.0", "6a1fa629f7881a9f5aaf3a78f094b2a51a0357c843871b8bc98824e7342d00a5", [:mix], [{:erlex, ">= 0.2.6", [hex: :erlex, repo: "hexpm", optional: false]}], "hexpm", "aeb06588145fac14ca08d8061a142d52753dbc2cf7f0d00fc1013f53f8654654"},
  "earmark": {:hex, :earmark, "1.4.6", "f14260802d8998f30e1654189a0d1699c4aa7d099eb4dad904eb5f41283a70b2", [:mix], [], "hexpm", "c1653a90f63400d029b783a098f4d70a40418ddff14da4cc156a0fee9e72e8d6"},
  "earmark_parser": {:hex, :earmark_parser, "1.4.12", "b245e875ec0a311a342320da0551da407d9d2b65d98f7a9597ae078615af3449", [:mix], [], "hexpm", "711e2cc4d64abb7d566d43f54b78f7dc129308a63bc103fbd88550d2174b3160"},
  "erlex": {:hex, :erlex, "0.2.6", "c7987d15e899c7a2f34f5420d2a2ea0d659682c06ac607572df55a43753aa12e", [:mix], [], "hexpm", "2ed2e25711feb44d52b17d2780eabf998452f6efda104877a3881c2f8c0c0c75"},
  "ex_cldr": {:hex, :ex_cldr, "2.19.0", "61e789016dff00f24a28b26632f6240efe8257ad4f651741e889d8929a0fd075", [:mix], [{:castore, "~> 0.1", [hex: :castore, repo: "hexpm", optional: true]}, {:certifi, "~> 2.5", [hex: :certifi, repo: "hexpm", optional: true]}, {:cldr_utils, "~> 2.12", [hex: :cldr_utils, repo: "hexpm", optional: false]}, {:decimal, "~> 1.6 or ~> 2.0", [hex: :decimal, repo: "hexpm", optional: false]}, {:gettext, "~> 0.13", [hex: :gettext, repo: "hexpm", optional: true]}, {:jason, "~> 1.0", [hex: :jason, repo: "hexpm", optional: true]}, {:nimble_parsec, "~> 0.5 or ~> 1.0", [hex: :nimble_parsec, repo: "hexpm", optional: false]}, {:plug, "~> 1.9", [hex: :plug, repo: "hexpm", optional: true]}, {:telemetry, "~> 0.4.0", [hex: :telemetry, repo: "hexpm", optional: true]}], "hexpm", "fccdb406d66da75991e37e4b7b59aa2e1c8242f41822924f9560453610123d84"},
  "ex_cldr_currencies": {:hex, :ex_cldr_currencies, "2.8.0", "b2ecc94e9fa4b8ec07614830f4d6e811e5df5e7679c6d2be92f4fe4f31184913", [:mix], [{:ex_cldr, "~> 2.18", [hex: :ex_cldr, repo: "hexpm", optional: false]}, {:jason, "~> 1.0", [hex: :jason, repo: "hexpm", optional: true]}], "hexpm", "a39780667b73bfd3d2bd08e61981bca23a97912b86f3236042850ecb062f48eb"},
  "ex_cldr_lists": {:hex, :ex_cldr_lists, "2.7.0", "86264f509ada404afc9d469faf58ad78a9cbba4b728776eb218ee1bf9a9396a2", [:mix], [{:ex_cldr_numbers, "~> 2.16", [hex: :ex_cldr_numbers, repo: "hexpm", optional: false]}, {:jason, "~> 1.0", [hex: :jason, repo: "hexpm", optional: true]}], "hexpm", "ec9f55af45aa628930900e84d09bab50ee61841ad974aeb8fd51f627a9685353"},
  "ex_cldr_numbers": {:hex, :ex_cldr_numbers, "2.16.1", "aea1cecbf19dfb6ac82658d05685015172866cf1a4ce0778f58157442ccf015d", [:mix], [{:decimal, "~> 1.6 or ~> 2.0", [hex: :decimal, repo: "hexpm", optional: false]}, {:ex_cldr, "~> 2.18", [hex: :ex_cldr, repo: "hexpm", optional: false]}, {:ex_cldr_currencies, "~> 2.8", [hex: :ex_cldr_currencies, repo: "hexpm", optional: false]}, {:ex_doc, "~> 0.18", [hex: :ex_doc, repo: "hexpm", optional: true]}, {:jason, "~> 1.0", [hex: :jason, repo: "hexpm", optional: true]}], "hexpm", "ba7a6f9f50aaa7759d05e508a333747cf670c823b2857780b025f3c421f4f1d3"},
  "ex_doc": {:hex, :ex_doc, "0.23.0", "a069bc9b0bf8efe323ecde8c0d62afc13d308b1fa3d228b65bca5cf8703a529d", [:mix], [{:earmark_parser, "~> 1.4.0", [hex: :earmark_parser, repo: "hexpm", optional: false]}, {:makeup_elixir, "~> 0.14", [hex: :makeup_elixir, repo: "hexpm", optional: false]}], "hexpm", "f5e2c4702468b2fd11b10d39416ddadd2fcdd173ba2a0285ebd92c39827a5a16"},
  "jason": {:hex, :jason, "1.2.2", "ba43e3f2709fd1aa1dce90aaabfd039d000469c05c56f0b8e31978e03fa39052", [:mix], [{:decimal, "~> 1.0 or ~> 2.0", [hex: :decimal, repo: "hexpm", optional: true]}], "hexpm", "18a228f5f0058ee183f29f9eae0805c6e59d61c3b006760668d8d18ff0d12179"},
  "makeup": {:hex, :makeup, "1.0.5", "d5a830bc42c9800ce07dd97fa94669dfb93d3bf5fcf6ea7a0c67b2e0e4a7f26c", [:mix], [{:nimble_parsec, "~> 0.5 or ~> 1.0", [hex: :nimble_parsec, repo: "hexpm", optional: false]}], "hexpm", "cfa158c02d3f5c0c665d0af11512fed3fba0144cf1aadee0f2ce17747fba2ca9"},
  "makeup_elixir": {:hex, :makeup_elixir, "0.15.1", "b5888c880d17d1cc3e598f05cdb5b5a91b7b17ac4eaf5f297cb697663a1094dd", [:mix], [{:makeup, "~> 1.0", [hex: :makeup, repo: "hexpm", optional: false]}, {:nimble_parsec, "~> 1.1", [hex: :nimble_parsec, repo: "hexpm", optional: false]}], "hexpm", "db68c173234b07ab2a07f645a5acdc117b9f99d69ebf521821d89690ae6c6ec8"},
  "nimble_parsec": {:hex, :nimble_parsec, "1.1.0", "3a6fca1550363552e54c216debb6a9e95bd8d32348938e13de5eda962c0d7f89", [:mix], [], "hexpm", "08eb32d66b706e913ff748f11694b17981c0b04a33ef470e33e11b3d3ac8f54b"},
  "numbers": {:hex, :numbers, "5.2.3", "d721b0702e3d8ebfaaa64af3419b9b49ffbc3836bd7511b935796499d51141ca", [:mix], [{:coerce, "~> 1.0", [hex: :coerce, repo: "hexpm", optional: false]}, {:decimal, "~> 1.9", [hex: :decimal, repo: "hexpm", optional: true]}], "hexpm", "ec62408c8bc02d79c6b9f798de321f65876afdcf7f8654190601df2cfe60cc18"},
  "ratio": {:hex, :ratio, "2.4.2", "c8518f3536d49b1b00d88dd20d49f8b11abb7819638093314a6348139f14f9f9", [:mix], [{:decimal, "~> 1.6 or ~> 2.0", [hex: :decimal, repo: "hexpm", optional: true]}, {:numbers, "~> 5.2.0", [hex: :numbers, repo: "hexpm", optional: false]}], "hexpm", "441ef6f73172a3503de65ccf1769030997b0d533b1039422f1e5e0e0b4cbf89e"},
  "sweet_xml": {:hex, :sweet_xml, "0.6.6", "fc3e91ec5dd7c787b6195757fbcf0abc670cee1e4172687b45183032221b66b8", [:mix], [], "hexpm", "2e1ec458f892ffa81f9f8386e3f35a1af6db7a7a37748a64478f13163a1f3573"},
}
